
Microsoft Visual Studio Solution File, Format Version 12.00
# Visual Studio 15
VisualStudioVersion = 15.0.28307.489
MinimumVisualStudioVersion = 10.0.40219.1
Project("{FAE04EC0-301F-11D3-BF4B-00C04F79EFBC}") = "1712872", "1712872\1712872.csproj", "{D58A131C-D823-49BB-86D7-358776C6606D}"
EndProject
Global
	GlobalSection(SolutionConfigurationPlatforms) = preSolution
		Debug|Any CPU = Debug|Any CPU
		Release|Any CPU = Release|Any CPU
	EndGlobalSection
	GlobalSection(ProjectConfigurationPlatforms) = postSolution
		{D58A131C-D823-49BB-86D7-358776C6606D}.Debug|Any CPU.ActiveCfg = Debug|Any CPU
		{D58A131C-D823-49BB-86D7-358776C6606D}.Debug|Any CPU.Build.0 = Debug|Any CPU
		{D58A131C-D823-49BB-86D7-358776C6606D}.Release|Any CPU.ActiveCfg = Release|Any CPU
		{D58A131C-D823-49BB-86D7-358776C6606D}.Release|Any CPU.Build.0 = Release|Any CPU
	EndGlobalSection
	GlobalSection(SolutionProperties) = preSolution
		HideSolutionNode = FALSE
	EndGlobalSection
	GlobalSection(ExtensibilityGlobals) = postSolution
		SolutionGuid = {6BCEFB09-39ED-40F1-9055-33B46D3C46B6}
	EndGlobalSection
EndGlobal
